
Microsoft Visual Studio Solution File, Format Version 12.00
# Visual Studio Version 17
VisualStudioVersion = 17.0.32112.339
MinimumVisualStudioVersion = 10.0.40219.1
Project("{FAE04EC0-301F-11D3-BF4B-00C04F79EFBC}") = "ConsoleMultiThreading", "ConsoleMultiThreading.csproj", "{07620421-9241-4AD5-A029-73F9FFC0ABCB}"
EndProject
Global
	GlobalSection(SolutionConfigurationPlatforms) = preSolution
		Debug|Any CPU = Debug|Any CPU
		Release|Any CPU = Release|Any CPU
	EndGlobalSection
	GlobalSection(ProjectConfigurationPlatforms) = postSolution
		{07620421-9241-4AD5-A029-73F9FFC0ABCB}.Debug|Any CPU.ActiveCfg = Debug|Any CPU
		{07620421-9241-4AD5-A029-73F9FFC0ABCB}.Debug|Any CPU.Build.0 = Debug|Any CPU
		{07620421-9241-4AD5-A029-73F9FFC0ABCB}.Release|Any CPU.ActiveCfg = Release|Any CPU
		{07620421-9241-4AD5-A029-73F9FFC0ABCB}.Release|Any CPU.Build.0 = Release|Any CPU
	EndGlobalSection
	GlobalSection(SolutionProperties) = preSolution
		HideSolutionNode = FALSE
	EndGlobalSection
	GlobalSection(ExtensibilityGlobals) = postSolution
		SolutionGuid = {72B1FE10-07DB-4B9B-8FBC-AB73FE36DDB1}
	EndGlobalSection
EndGlobal
